
Microsoft Visual Studio Solution File, Format Version 12.00
# Visual Studio Version 17
VisualStudioVersion = 17.0.32014.148
MinimumVisualStudioVersion = 10.0.40219.1
Project("{FAE04EC0-301F-11D3-BF4B-00C04F79EFBC}") = "F16-CHAT", "F16-CHAT\F16-CHAT.csproj", "{A472EDF4-49BA-496F-B70E-9B1CDADCFFBE}"
EndProject
Global
	GlobalSection(SolutionConfigurationPlatforms) = preSolution
		Debug|Any CPU = Debug|Any CPU
		Release|Any CPU = Release|Any CPU
	EndGlobalSection
	GlobalSection(ProjectConfigurationPlatforms) = postSolution
		{A472EDF4-49BA-496F-B70E-9B1CDADCFFBE}.Debug|Any CPU.ActiveCfg = Debug|Any CPU
		{A472EDF4-49BA-496F-B70E-9B1CDADCFFBE}.Debug|Any CPU.Build.0 = Debug|Any CPU
		{A472EDF4-49BA-496F-B70E-9B1CDADCFFBE}.Release|Any CPU.ActiveCfg = Release|Any CPU
		{A472EDF4-49BA-496F-B70E-9B1CDADCFFBE}.Release|Any CPU.Build.0 = Release|Any CPU
	EndGlobalSection
	GlobalSection(SolutionProperties) = preSolution
		HideSolutionNode = FALSE
	EndGlobalSection
	GlobalSection(ExtensibilityGlobals) = postSolution
		SolutionGuid = {6FD9746C-06AB-43C9-B5B8-A090E74A9939}
	EndGlobalSection
EndGlobal
