
Microsoft Visual Studio Solution File, Format Version 12.00
# Visual Studio Version 16
VisualStudioVersion = 16.0.32002.261
MinimumVisualStudioVersion = 10.0.40219.1
Project("{FAE04EC0-301F-11D3-BF4B-00C04F79EFBC}") = "ConsignmentShop", "ConsignmentShop\ConsignmentShop.csproj", "{955EC85C-D2C0-4360-A3F5-A7BA433E7F7E}"
EndProject
Project("{FAE04EC0-301F-11D3-BF4B-00C04F79EFBC}") = "ConsignmentShopLibrary", "ConsignmentShopLibrary\ConsignmentShopLibrary.csproj", "{847BDB4F-1287-4779-9358-D52DF1EBFB9D}"
EndProject
Global
	GlobalSection(SolutionConfigurationPlatforms) = preSolution
		Debug|Any CPU = Debug|Any CPU
		Release|Any CPU = Release|Any CPU
	EndGlobalSection
	GlobalSection(ProjectConfigurationPlatforms) = postSolution
		{955EC85C-D2C0-4360-A3F5-A7BA433E7F7E}.Debug|Any CPU.ActiveCfg = Debug|Any CPU
		{955EC85C-D2C0-4360-A3F5-A7BA433E7F7E}.Debug|Any CPU.Build.0 = Debug|Any CPU
		{955EC85C-D2C0-4360-A3F5-A7BA433E7F7E}.Release|Any CPU.ActiveCfg = Release|Any CPU
		{955EC85C-D2C0-4360-A3F5-A7BA433E7F7E}.Release|Any CPU.Build.0 = Release|Any CPU
		{847BDB4F-1287-4779-9358-D52DF1EBFB9D}.Debug|Any CPU.ActiveCfg = Debug|Any CPU
		{847BDB4F-1287-4779-9358-D52DF1EBFB9D}.Debug|Any CPU.Build.0 = Debug|Any CPU
		{847BDB4F-1287-4779-9358-D52DF1EBFB9D}.Release|Any CPU.ActiveCfg = Release|Any CPU
		{847BDB4F-1287-4779-9358-D52DF1EBFB9D}.Release|Any CPU.Build.0 = Release|Any CPU
	EndGlobalSection
	GlobalSection(SolutionProperties) = preSolution
		HideSolutionNode = FALSE
	EndGlobalSection
	GlobalSection(ExtensibilityGlobals) = postSolution
		SolutionGuid = {EC675D25-9965-433B-AB8D-939B1C590950}
	EndGlobalSection
EndGlobal
