
Microsoft Visual Studio Solution File, Format Version 12.00
# Visual Studio Version 16
VisualStudioVersion = 16.0.32002.261
MinimumVisualStudioVersion = 10.0.40219.1
Project("{FAE04EC0-301F-11D3-BF4B-00C04F79EFBC}") = "DigitalClock", "DigitalClock\DigitalClock.csproj", "{2418EDED-68B5-4B03-8E5A-C7F890E06802}"
EndProject
Global
	GlobalSection(SolutionConfigurationPlatforms) = preSolution
		Debug|Any CPU = Debug|Any CPU
		Release|Any CPU = Release|Any CPU
	EndGlobalSection
	GlobalSection(ProjectConfigurationPlatforms) = postSolution
		{2418EDED-68B5-4B03-8E5A-C7F890E06802}.Debug|Any CPU.ActiveCfg = Debug|Any CPU
		{2418EDED-68B5-4B03-8E5A-C7F890E06802}.Debug|Any CPU.Build.0 = Debug|Any CPU
		{2418EDED-68B5-4B03-8E5A-C7F890E06802}.Release|Any CPU.ActiveCfg = Release|Any CPU
		{2418EDED-68B5-4B03-8E5A-C7F890E06802}.Release|Any CPU.Build.0 = Release|Any CPU
	EndGlobalSection
	GlobalSection(SolutionProperties) = preSolution
		HideSolutionNode = FALSE
	EndGlobalSection
	GlobalSection(ExtensibilityGlobals) = postSolution
		SolutionGuid = {E5DC132E-0469-4483-89BD-B4132B64EE9C}
	EndGlobalSection
EndGlobal
